
Microsoft Visual Studio Solution File, Format Version 12.00
# Visual Studio Version 17
VisualStudioVersion = 17.9.34607.119
MinimumVisualStudioVersion = 10.0.40219.1
Project("{FAE04EC0-301F-11D3-BF4B-00C04F79EFBC}") = "MsgPackExplorer", "MsgPackExplorer\MsgPackExplorer.csproj", "{A43ED63B-CA9C-4FDF-B02B-8E7F958903A2}"
EndProject
Project("{FAE04EC0-301F-11D3-BF4B-00C04F79EFBC}") = "LsMsgPackFiddlerInspector", "LsMsgPackFiddlerInspector\LsMsgPackFiddlerInspector.csproj", "{3F6BFA77-8748-415C-833B-CA0DA84B6CA9}"
EndProject
Project("{2150E333-8FDC-42A3-9474-1A3956D46DE8}") = "MsgPackLib", "MsgPackLib", "{9EA1AACE-8E22-45B0-9F36-E3B05280279A}"
EndProject
Project("{2150E333-8FDC-42A3-9474-1A3956D46DE8}") = "CommonSource", "CommonSource", "{53B6BACB-9307-4B86-917B-FEF706D8C6C9}"
	ProjectSection(SolutionItems) = preProject
		CommonAssemblyInfo.cs = CommonAssemblyInfo.cs
	EndProjectSection
EndProject
Project("{9A19103F-16F7-4668-BE54-9A1E7A4F7556}") = "LsMsgPack", "LsMsgPackNetStandard\LsMsgPack.csproj", "{1D06FE9F-830F-4EE2-BD10-0B12522E1DFC}"
EndProject
Project("{9A19103F-16F7-4668-BE54-9A1E7A4F7556}") = "LsMsgPackUnitTests", "LsMsgPackNetStandardUnitTests\LsMsgPackUnitTests.csproj", "{666FAF0C-09CE-421F-977C-B989D0D2ED03}"
EndProject
Project("{2150E333-8FDC-42A3-9474-1A3956D46DE8}") = "WinformsDebugger", "WinformsDebugger", "{D6E2537A-D3DA-40D3-B7CB-905541CD8E60}"
EndProject
Project("{2150E333-8FDC-42A3-9474-1A3956D46DE8}") = "Solution Items", "Solution Items", "{57B35D3B-F51C-40C2-8CA0-769FE26D9064}"
	ProjectSection(SolutionItems) = preProject
		README.md = README.md
	EndProjectSection
EndProject
Project("{FAE04EC0-301F-11D3-BF4B-00C04F79EFBC}") = "LsMsgPackVisualStudioPlugin", "LsMsgPackVisualStudioPlugin\LsMsgPackVisualStudioPlugin.csproj", "{38E7CA2C-3E93-4F0A-9C15-83C68ADE55CA}"
EndProject
Project("{FAE04EC0-301F-11D3-BF4B-00C04F79EFBC}") = "DebuggerProxy", "LsMsgPackVisualStudioPlugin\DebuggerProxy\DebuggerProxy.csproj", "{E87B099B-63E8-4238-B0B0-CEA44ED72B4F}"
EndProject
Project("{FAE04EC0-301F-11D3-BF4B-00C04F79EFBC}") = "PluginTester", "LsMsgPackVisualStudioPlugin\PluginTester\PluginTester.csproj", "{2323BE29-A36C-B601-2519-D0B1425A04F2}"
EndProject
Project("{2150E333-8FDC-42A3-9474-1A3956D46DE8}") = "VisualStudio", "VisualStudio", "{02EA681E-C7D8-13C7-8484-4AC65E1B71E8}"
EndProject
Project("{2150E333-8FDC-42A3-9474-1A3956D46DE8}") = "Fiddler", "Fiddler", "{F93DE7D2-7B46-44D8-8FFF-35A48C2B114A}"
EndProject
Project("{FAE04EC0-301F-11D3-BF4B-00C04F79EFBC}") = "Package", "LsMsgPackVisualStudioPlugin\Package\Package.csproj", "{58C33F66-24C9-4F12-9DB1-83590A7299B7}"
EndProject
Global
	GlobalSection(SolutionConfigurationPlatforms) = preSolution
		Debug|Any CPU = Debug|Any CPU
		Debug|ARM = Debug|ARM
		Debug|ARM64 = Debug|ARM64
		Debug|x64 = Debug|x64
		Debug|x86 = Debug|x86
		DebugKeepTrack|Any CPU = DebugKeepTrack|Any CPU
		DebugKeepTrack|ARM = DebugKeepTrack|ARM
		DebugKeepTrack|ARM64 = DebugKeepTrack|ARM64
		DebugKeepTrack|x64 = DebugKeepTrack|x64
		DebugKeepTrack|x86 = DebugKeepTrack|x86
		Release|Any CPU = Release|Any CPU
		Release|ARM = Release|ARM
		Release|ARM64 = Release|ARM64
		Release|x64 = Release|x64
		Release|x86 = Release|x86
		ReleaseKeepTrack|Any CPU = ReleaseKeepTrack|Any CPU
		ReleaseKeepTrack|ARM = ReleaseKeepTrack|ARM
		ReleaseKeepTrack|ARM64 = ReleaseKeepTrack|ARM64
		ReleaseKeepTrack|x64 = ReleaseKeepTrack|x64
		ReleaseKeepTrack|x86 = ReleaseKeepTrack|x86
	EndGlobalSection
	GlobalSection(ProjectConfigurationPlatforms) = postSolution
		{A43ED63B-CA9C-4FDF-B02B-8E7F958903A2}.Debug|Any CPU.ActiveCfg = Debug|Any CPU
		{A43ED63B-CA9C-4FDF-B02B-8E7F958903A2}.Debug|ARM.ActiveCfg = Debug|Any CPU
		{A43ED63B-CA9C-4FDF-B02B-8E7F958903A2}.Debug|ARM.Build.0 = Debug|Any CPU
		{A43ED63B-CA9C-4FDF-B02B-8E7F958903A2}.Debug|ARM64.ActiveCfg = Debug|Any CPU
		{A43ED63B-CA9C-4FDF-B02B-8E7F958903A2}.Debug|ARM64.Build.0 = Debug|Any CPU
		{A43ED63B-CA9C-4FDF-B02B-8E7F958903A2}.Debug|x64.ActiveCfg = Debug|Any CPU
		{A43ED63B-CA9C-4FDF-B02B-8E7F958903A2}.Debug|x64.Build.0 = Debug|Any CPU
		{A43ED63B-CA9C-4FDF-B02B-8E7F958903A2}.Debug|x86.ActiveCfg = Debug|Any CPU
		{A43ED63B-CA9C-4FDF-B02B-8E7F958903A2}.Debug|x86.Build.0 = Debug|Any CPU
		{A43ED63B-CA9C-4FDF-B02B-8E7F958903A2}.DebugKeepTrack|Any CPU.ActiveCfg = DebugKeepTrack|Any CPU
		{A43ED63B-CA9C-4FDF-B02B-8E7F958903A2}.DebugKeepTrack|Any CPU.Build.0 = DebugKeepTrack|Any CPU
		{A43ED63B-CA9C-4FDF-B02B-8E7F958903A2}.DebugKeepTrack|ARM.ActiveCfg = DebugKeepTrack|Any CPU
		{A43ED63B-CA9C-4FDF-B02B-8E7F958903A2}.DebugKeepTrack|ARM.Build.0 = DebugKeepTrack|Any CPU
		{A43ED63B-CA9C-4FDF-B02B-8E7F958903A2}.DebugKeepTrack|ARM64.ActiveCfg = DebugKeepTrack|Any CPU
		{A43ED63B-CA9C-4FDF-B02B-8E7F958903A2}.DebugKeepTrack|ARM64.Build.0 = DebugKeepTrack|Any CPU
		{A43ED63B-CA9C-4FDF-B02B-8E7F958903A2}.DebugKeepTrack|x64.ActiveCfg = DebugKeepTrack|Any CPU
		{A43ED63B-CA9C-4FDF-B02B-8E7F958903A2}.DebugKeepTrack|x64.Build.0 = DebugKeepTrack|Any CPU
		{A43ED63B-CA9C-4FDF-B02B-8E7F958903A2}.DebugKeepTrack|x86.ActiveCfg = DebugKeepTrack|Any CPU
		{A43ED63B-CA9C-4FDF-B02B-8E7F958903A2}.DebugKeepTrack|x86.Build.0 = DebugKeepTrack|Any CPU
		{A43ED63B-CA9C-4FDF-B02B-8E7F958903A2}.Release|Any CPU.ActiveCfg = Release|Any CPU
		{A43ED63B-CA9C-4FDF-B02B-8E7F958903A2}.Release|ARM.ActiveCfg = Release|Any CPU
		{A43ED63B-CA9C-4FDF-B02B-8E7F958903A2}.Release|ARM.Build.0 = Release|Any CPU
		{A43ED63B-CA9C-4FDF-B02B-8E7F958903A2}.Release|ARM64.ActiveCfg = Release|Any CPU
		{A43ED63B-CA9C-4FDF-B02B-8E7F958903A2}.Release|ARM64.Build.0 = Release|Any CPU
		{A43ED63B-CA9C-4FDF-B02B-8E7F958903A2}.Release|x64.ActiveCfg = Release|Any CPU
		{A43ED63B-CA9C-4FDF-B02B-8E7F958903A2}.Release|x64.Build.0 = Release|Any CPU
		{A43ED63B-CA9C-4FDF-B02B-8E7F958903A2}.Release|x86.ActiveCfg = Release|Any CPU
		{A43ED63B-CA9C-4FDF-B02B-8E7F958903A2}.Release|x86.Build.0 = Release|Any CPU
		{A43ED63B-CA9C-4FDF-B02B-8E7F958903A2}.ReleaseKeepTrack|Any CPU.ActiveCfg = ReleaseKeepTrack|Any CPU
		{A43ED63B-CA9C-4FDF-B02B-8E7F958903A2}.ReleaseKeepTrack|Any CPU.Build.0 = ReleaseKeepTrack|Any CPU
		{A43ED63B-CA9C-4FDF-B02B-8E7F958903A2}.ReleaseKeepTrack|ARM.ActiveCfg = ReleaseKeepTrack|Any CPU
		{A43ED63B-CA9C-4FDF-B02B-8E7F958903A2}.ReleaseKeepTrack|ARM.Build.0 = ReleaseKeepTrack|Any CPU
		{A43ED63B-CA9C-4FDF-B02B-8E7F958903A2}.ReleaseKeepTrack|ARM64.ActiveCfg = ReleaseKeepTrack|Any CPU
		{A43ED63B-CA9C-4FDF-B02B-8E7F958903A2}.ReleaseKeepTrack|ARM64.Build.0 = ReleaseKeepTrack|Any CPU
		{A43ED63B-CA9C-4FDF-B02B-8E7F958903A2}.ReleaseKeepTrack|x64.ActiveCfg = ReleaseKeepTrack|Any CPU
		{A43ED63B-CA9C-4FDF-B02B-8E7F958903A2}.ReleaseKeepTrack|x64.Build.0 = ReleaseKeepTrack|Any CPU
		{A43ED63B-CA9C-4FDF-B02B-8E7F958903A2}.ReleaseKeepTrack|x86.ActiveCfg = ReleaseKeepTrack|Any CPU
		{A43ED63B-CA9C-4FDF-B02B-8E7F958903A2}.ReleaseKeepTrack|x86.Build.0 = ReleaseKeepTrack|Any CPU
		{3F6BFA77-8748-415C-833B-CA0DA84B6CA9}.Debug|Any CPU.ActiveCfg = Debug|Any CPU
		{3F6BFA77-8748-415C-833B-CA0DA84B6CA9}.Debug|ARM.ActiveCfg = Debug|Any CPU
		{3F6BFA77-8748-415C-833B-CA0DA84B6CA9}.Debug|ARM.Build.0 = Debug|Any CPU
		{3F6BFA77-8748-415C-833B-CA0DA84B6CA9}.Debug|ARM64.ActiveCfg = Debug|Any CPU
		{3F6BFA77-8748-415C-833B-CA0DA84B6CA9}.Debug|ARM64.Build.0 = Debug|Any CPU
		{3F6BFA77-8748-415C-833B-CA0DA84B6CA9}.Debug|x64.ActiveCfg = Debug|Any CPU
		{3F6BFA77-8748-415C-833B-CA0DA84B6CA9}.Debug|x64.Build.0 = Debug|Any CPU
		{3F6BFA77-8748-415C-833B-CA0DA84B6CA9}.Debug|x86.ActiveCfg = Debug|Any CPU
		{3F6BFA77-8748-415C-833B-CA0DA84B6CA9}.Debug|x86.Build.0 = Debug|Any CPU
		{3F6BFA77-8748-415C-833B-CA0DA84B6CA9}.DebugKeepTrack|Any CPU.ActiveCfg = DebugKeepTrack|Any CPU
		{3F6BFA77-8748-415C-833B-CA0DA84B6CA9}.DebugKeepTrack|Any CPU.Build.0 = DebugKeepTrack|Any CPU
		{3F6BFA77-8748-415C-833B-CA0DA84B6CA9}.DebugKeepTrack|ARM.ActiveCfg = DebugKeepTrack|Any CPU
		{3F6BFA77-8748-415C-833B-CA0DA84B6CA9}.DebugKeepTrack|ARM.Build.0 = DebugKeepTrack|Any CPU
		{3F6BFA77-8748-415C-833B-CA0DA84B6CA9}.DebugKeepTrack|ARM64.ActiveCfg = DebugKeepTrack|Any CPU
		{3F6BFA77-8748-415C-833B-CA0DA84B6CA9}.DebugKeepTrack|ARM64.Build.0 = DebugKeepTrack|Any CPU
		{3F6BFA77-8748-415C-833B-CA0DA84B6CA9}.DebugKeepTrack|x64.ActiveCfg = DebugKeepTrack|Any CPU
		{3F6BFA77-8748-415C-833B-CA0DA84B6CA9}.DebugKeepTrack|x64.Build.0 = DebugKeepTrack|Any CPU
		{3F6BFA77-8748-415C-833B-CA0DA84B6CA9}.DebugKeepTrack|x86.ActiveCfg = DebugKeepTrack|Any CPU
		{3F6BFA77-8748-415C-833B-CA0DA84B6CA9}.DebugKeepTrack|x86.Build.0 = DebugKeepTrack|Any CPU
		{3F6BFA77-8748-415C-833B-CA0DA84B6CA9}.Release|Any CPU.ActiveCfg = Release|Any CPU
		{3F6BFA77-8748-415C-833B-CA0DA84B6CA9}.Release|ARM.ActiveCfg = Release|Any CPU
		{3F6BFA77-8748-415C-833B-CA0DA84B6CA9}.Release|ARM.Build.0 = Release|Any CPU
		{3F6BFA77-8748-415C-833B-CA0DA84B6CA9}.Release|ARM64.ActiveCfg = Release|Any CPU
		{3F6BFA77-8748-415C-833B-CA0DA84B6CA9}.Release|ARM64.Build.0 = Release|Any CPU
		{3F6BFA77-8748-415C-833B-CA0DA84B6CA9}.Release|x64.ActiveCfg = Release|Any CPU
		{3F6BFA77-8748-415C-833B-CA0DA84B6CA9}.Release|x64.Build.0 = Release|Any CPU
		{3F6BFA77-8748-415C-833B-CA0DA84B6CA9}.Release|x86.ActiveCfg = Release|Any CPU
		{3F6BFA77-8748-415C-833B-CA0DA84B6CA9}.Release|x86.Build.0 = Release|Any CPU
		{3F6BFA77-8748-415C-833B-CA0DA84B6CA9}.ReleaseKeepTrack|Any CPU.ActiveCfg = ReleaseKeepTrack|Any CPU
		{3F6BFA77-8748-415C-833B-CA0DA84B6CA9}.ReleaseKeepTrack|Any CPU.Build.0 = ReleaseKeepTrack|Any CPU
		{3F6BFA77-8748-415C-833B-CA0DA84B6CA9}.ReleaseKeepTrack|ARM.ActiveCfg = ReleaseKeepTrack|Any CPU
		{3F6BFA77-8748-415C-833B-CA0DA84B6CA9}.ReleaseKeepTrack|ARM.Build.0 = ReleaseKeepTrack|Any CPU
		{3F6BFA77-8748-415C-833B-CA0DA84B6CA9}.ReleaseKeepTrack|ARM64.ActiveCfg = ReleaseKeepTrack|Any CPU
		{3F6BFA77-8748-415C-833B-CA0DA84B6CA9}.ReleaseKeepTrack|ARM64.Build.0 = ReleaseKeepTrack|Any CPU
		{3F6BFA77-8748-415C-833B-CA0DA84B6CA9}.ReleaseKeepTrack|x64.ActiveCfg = ReleaseKeepTrack|Any CPU
		{3F6BFA77-8748-415C-833B-CA0DA84B6CA9}.ReleaseKeepTrack|x64.Build.0 = ReleaseKeepTrack|Any CPU
		{3F6BFA77-8748-415C-833B-CA0DA84B6CA9}.ReleaseKeepTrack|x86.ActiveCfg = ReleaseKeepTrack|Any CPU
		{3F6BFA77-8748-415C-833B-CA0DA84B6CA9}.ReleaseKeepTrack|x86.Build.0 = ReleaseKeepTrack|Any CPU
		{1D06FE9F-830F-4EE2-BD10-0B12522E1DFC}.Debug|Any CPU.ActiveCfg = Debug|Any CPU
		{1D06FE9F-830F-4EE2-BD10-0B12522E1DFC}.Debug|Any CPU.Build.0 = Debug|Any CPU
		{1D06FE9F-830F-4EE2-BD10-0B12522E1DFC}.Debug|ARM.ActiveCfg = Debug|Any CPU
		{1D06FE9F-830F-4EE2-BD10-0B12522E1DFC}.Debug|ARM.Build.0 = Debug|Any CPU
		{1D06FE9F-830F-4EE2-BD10-0B12522E1DFC}.Debug|ARM64.ActiveCfg = Debug|Any CPU
		{1D06FE9F-830F-4EE2-BD10-0B12522E1DFC}.Debug|ARM64.Build.0 = Debug|Any CPU
		{1D06FE9F-830F-4EE2-BD10-0B12522E1DFC}.Debug|x64.ActiveCfg = Debug|Any CPU
		{1D06FE9F-830F-4EE2-BD10-0B12522E1DFC}.Debug|x64.Build.0 = Debug|Any CPU
		{1D06FE9F-830F-4EE2-BD10-0B12522E1DFC}.Debug|x86.ActiveCfg = Debug|Any CPU
		{1D06FE9F-830F-4EE2-BD10-0B12522E1DFC}.Debug|x86.Build.0 = Debug|Any CPU
		{1D06FE9F-830F-4EE2-BD10-0B12522E1DFC}.DebugKeepTrack|Any CPU.ActiveCfg = DebugKeepTrack|Any CPU
		{1D06FE9F-830F-4EE2-BD10-0B12522E1DFC}.DebugKeepTrack|Any CPU.Build.0 = DebugKeepTrack|Any CPU
		{1D06FE9F-830F-4EE2-BD10-0B12522E1DFC}.DebugKeepTrack|ARM.ActiveCfg = DebugKeepTrack|Any CPU
		{1D06FE9F-830F-4EE2-BD10-0B12522E1DFC}.DebugKeepTrack|ARM.Build.0 = DebugKeepTrack|Any CPU
		{1D06FE9F-830F-4EE2-BD10-0B12522E1DFC}.DebugKeepTrack|ARM64.ActiveCfg = DebugKeepTrack|Any CPU
		{1D06FE9F-830F-4EE2-BD10-0B12522E1DFC}.DebugKeepTrack|ARM64.Build.0 = DebugKeepTrack|Any CPU
		{1D06FE9F-830F-4EE2-BD10-0B12522E1DFC}.DebugKeepTrack|x64.ActiveCfg = DebugKeepTrack|Any CPU
		{1D06FE9F-830F-4EE2-BD10-0B12522E1DFC}.DebugKeepTrack|x64.Build.0 = DebugKeepTrack|Any CPU
		{1D06FE9F-830F-4EE2-BD10-0B12522E1DFC}.DebugKeepTrack|x86.ActiveCfg = DebugKeepTrack|Any CPU
		{1D06FE9F-830F-4EE2-BD10-0B12522E1DFC}.DebugKeepTrack|x86.Build.0 = DebugKeepTrack|Any CPU
		{1D06FE9F-830F-4EE2-BD10-0B12522E1DFC}.Release|Any CPU.ActiveCfg = Release|Any CPU
		{1D06FE9F-830F-4EE2-BD10-0B12522E1DFC}.Release|Any CPU.Build.0 = Release|Any CPU
		{1D06FE9F-830F-4EE2-BD10-0B12522E1DFC}.Release|ARM.ActiveCfg = Release|Any CPU
		{1D06FE9F-830F-4EE2-BD10-0B12522E1DFC}.Release|ARM.Build.0 = Release|Any CPU
		{1D06FE9F-830F-4EE2-BD10-0B12522E1DFC}.Release|ARM64.ActiveCfg = Release|Any CPU
		{1D06FE9F-830F-4EE2-BD10-0B12522E1DFC}.Release|ARM64.Build.0 = Release|Any CPU
		{1D06FE9F-830F-4EE2-BD10-0B12522E1DFC}.Release|x64.ActiveCfg = Release|Any CPU
		{1D06FE9F-830F-4EE2-BD10-0B12522E1DFC}.Release|x64.Build.0 = Release|Any CPU
		{1D06FE9F-830F-4EE2-BD10-0B12522E1DFC}.Release|x86.ActiveCfg = Release|Any CPU
		{1D06FE9F-830F-4EE2-BD10-0B12522E1DFC}.Release|x86.Build.0 = Release|Any CPU
		{1D06FE9F-830F-4EE2-BD10-0B12522E1DFC}.ReleaseKeepTrack|Any CPU.ActiveCfg = ReleaseKeepTrack|Any CPU
		{1D06FE9F-830F-4EE2-BD10-0B12522E1DFC}.ReleaseKeepTrack|Any CPU.Build.0 = ReleaseKeepTrack|Any CPU
		{1D06FE9F-830F-4EE2-BD10-0B12522E1DFC}.ReleaseKeepTrack|ARM.ActiveCfg = ReleaseKeepTrack|Any CPU
		{1D06FE9F-830F-4EE2-BD10-0B12522E1DFC}.ReleaseKeepTrack|ARM.Build.0 = ReleaseKeepTrack|Any CPU
		{1D06FE9F-830F-4EE2-BD10-0B12522E1DFC}.ReleaseKeepTrack|ARM64.ActiveCfg = ReleaseKeepTrack|Any CPU
		{1D06FE9F-830F-4EE2-BD10-0B12522E1DFC}.ReleaseKeepTrack|ARM64.Build.0 = ReleaseKeepTrack|Any CPU
		{1D06FE9F-830F-4EE2-BD10-0B12522E1DFC}.ReleaseKeepTrack|x64.ActiveCfg = ReleaseKeepTrack|Any CPU
		{1D06FE9F-830F-4EE2-BD10-0B12522E1DFC}.ReleaseKeepTrack|x64.Build.0 = ReleaseKeepTrack|Any CPU
		{1D06FE9F-830F-4EE2-BD10-0B12522E1DFC}.ReleaseKeepTrack|x86.ActiveCfg = ReleaseKeepTrack|Any CPU
		{1D06FE9F-830F-4EE2-BD10-0B12522E1DFC}.ReleaseKeepTrack|x86.Build.0 = ReleaseKeepTrack|Any CPU
		{666FAF0C-09CE-421F-977C-B989D0D2ED03}.Debug|Any CPU.ActiveCfg = Debug|Any CPU
		{666FAF0C-09CE-421F-977C-B989D0D2ED03}.Debug|Any CPU.Build.0 = Debug|Any CPU
		{666FAF0C-09CE-421F-977C-B989D0D2ED03}.Debug|ARM.ActiveCfg = Debug|Any CPU
		{666FAF0C-09CE-421F-977C-B989D0D2ED03}.Debug|ARM.Build.0 = Debug|Any CPU
		{666FAF0C-09CE-421F-977C-B989D0D2ED03}.Debug|ARM64.ActiveCfg = Debug|Any CPU
		{666FAF0C-09CE-421F-977C-B989D0D2ED03}.Debug|ARM64.Build.0 = Debug|Any CPU
		{666FAF0C-09CE-421F-977C-B989D0D2ED03}.Debug|x64.ActiveCfg = Debug|Any CPU
		{666FAF0C-09CE-421F-977C-B989D0D2ED03}.Debug|x64.Build.0 = Debug|Any CPU
		{666FAF0C-09CE-421F-977C-B989D0D2ED03}.Debug|x86.ActiveCfg = Debug|Any CPU
		{666FAF0C-09CE-421F-977C-B989D0D2ED03}.Debug|x86.Build.0 = Debug|Any CPU
		{666FAF0C-09CE-421F-977C-B989D0D2ED03}.DebugKeepTrack|Any CPU.ActiveCfg = DebugKeepTrack|Any CPU
		{666FAF0C-09CE-421F-977C-B989D0D2ED03}.DebugKeepTrack|Any CPU.Build.0 = DebugKeepTrack|Any CPU
		{666FAF0C-09CE-421F-977C-B989D0D2ED03}.DebugKeepTrack|ARM.ActiveCfg = DebugKeepTrack|Any CPU
		{666FAF0C-09CE-421F-977C-B989D0D2ED03}.DebugKeepTrack|ARM.Build.0 = DebugKeepTrack|Any CPU
		{666FAF0C-09CE-421F-977C-B989D0D2ED03}.DebugKeepTrack|ARM64.ActiveCfg = DebugKeepTrack|Any CPU
		{666FAF0C-09CE-421F-977C-B989D0D2ED03}.DebugKeepTrack|ARM64.Build.0 = DebugKeepTrack|Any CPU
		{666FAF0C-09CE-421F-977C-B989D0D2ED03}.DebugKeepTrack|x64.ActiveCfg = DebugKeepTrack|Any CPU
		{666FAF0C-09CE-421F-977C-B989D0D2ED03}.DebugKeepTrack|x64.Build.0 = DebugKeepTrack|Any CPU
		{666FAF0C-09CE-421F-977C-B989D0D2ED03}.DebugKeepTrack|x86.ActiveCfg = DebugKeepTrack|Any CPU
		{666FAF0C-09CE-421F-977C-B989D0D2ED03}.DebugKeepTrack|x86.Build.0 = DebugKeepTrack|Any CPU
		{666FAF0C-09CE-421F-977C-B989D0D2ED03}.Release|Any CPU.ActiveCfg = Release|Any CPU
		{666FAF0C-09CE-421F-977C-B989D0D2ED03}.Release|Any CPU.Build.0 = Release|Any CPU
		{666FAF0C-09CE-421F-977C-B989D0D2ED03}.Release|ARM.ActiveCfg = Release|Any CPU
		{666FAF0C-09CE-421F-977C-B989D0D2ED03}.Release|ARM.Build.0 = Release|Any CPU
		{666FAF0C-09CE-421F-977C-B989D0D2ED03}.Release|ARM64.ActiveCfg = Release|Any CPU
		{666FAF0C-09CE-421F-977C-B989D0D2ED03}.Release|ARM64.Build.0 = Release|Any CPU
		{666FAF0C-09CE-421F-977C-B989D0D2ED03}.Release|x64.ActiveCfg = Release|Any CPU
		{666FAF0C-09CE-421F-977C-B989D0D2ED03}.Release|x64.Build.0 = Release|Any CPU
		{666FAF0C-09CE-421F-977C-B989D0D2ED03}.Release|x86.ActiveCfg = Release|Any CPU
		{666FAF0C-09CE-421F-977C-B989D0D2ED03}.Release|x86.Build.0 = Release|Any CPU
		{666FAF0C-09CE-421F-977C-B989D0D2ED03}.ReleaseKeepTrack|Any CPU.ActiveCfg = Release|Any CPU
		{666FAF0C-09CE-421F-977C-B989D0D2ED03}.ReleaseKeepTrack|Any CPU.Build.0 = Release|Any CPU
		{666FAF0C-09CE-421F-977C-B989D0D2ED03}.ReleaseKeepTrack|ARM.ActiveCfg = ReleaseKeepTrack|Any CPU
		{666FAF0C-09CE-421F-977C-B989D0D2ED03}.ReleaseKeepTrack|ARM.Build.0 = ReleaseKeepTrack|Any CPU
		{666FAF0C-09CE-421F-977C-B989D0D2ED03}.ReleaseKeepTrack|ARM64.ActiveCfg = ReleaseKeepTrack|Any CPU
		{666FAF0C-09CE-421F-977C-B989D0D2ED03}.ReleaseKeepTrack|ARM64.Build.0 = ReleaseKeepTrack|Any CPU
		{666FAF0C-09CE-421F-977C-B989D0D2ED03}.ReleaseKeepTrack|x64.ActiveCfg = ReleaseKeepTrack|Any CPU
		{666FAF0C-09CE-421F-977C-B989D0D2ED03}.ReleaseKeepTrack|x64.Build.0 = ReleaseKeepTrack|Any CPU
		{666FAF0C-09CE-421F-977C-B989D0D2ED03}.ReleaseKeepTrack|x86.ActiveCfg = ReleaseKeepTrack|Any CPU
		{666FAF0C-09CE-421F-977C-B989D0D2ED03}.ReleaseKeepTrack|x86.Build.0 = ReleaseKeepTrack|Any CPU
		{38E7CA2C-3E93-4F0A-9C15-83C68ADE55CA}.Debug|Any CPU.ActiveCfg = Debug|Any CPU
		{38E7CA2C-3E93-4F0A-9C15-83C68ADE55CA}.Debug|Any CPU.Build.0 = Debug|Any CPU
		{38E7CA2C-3E93-4F0A-9C15-83C68ADE55CA}.Debug|ARM.ActiveCfg = Debug|Any CPU
		{38E7CA2C-3E93-4F0A-9C15-83C68ADE55CA}.Debug|ARM.Build.0 = Debug|Any CPU
		{38E7CA2C-3E93-4F0A-9C15-83C68ADE55CA}.Debug|ARM64.ActiveCfg = Debug|Any CPU
		{38E7CA2C-3E93-4F0A-9C15-83C68ADE55CA}.Debug|ARM64.Build.0 = Debug|Any CPU
		{38E7CA2C-3E93-4F0A-9C15-83C68ADE55CA}.Debug|x64.ActiveCfg = Debug|Any CPU
		{38E7CA2C-3E93-4F0A-9C15-83C68ADE55CA}.Debug|x64.Build.0 = Debug|Any CPU
		{38E7CA2C-3E93-4F0A-9C15-83C68ADE55CA}.Debug|x86.ActiveCfg = Debug|Any CPU
		{38E7CA2C-3E93-4F0A-9C15-83C68ADE55CA}.Debug|x86.Build.0 = Debug|Any CPU
		{38E7CA2C-3E93-4F0A-9C15-83C68ADE55CA}.DebugKeepTrack|Any CPU.ActiveCfg = Debug|Any CPU
		{38E7CA2C-3E93-4F0A-9C15-83C68ADE55CA}.DebugKeepTrack|Any CPU.Build.0 = Debug|Any CPU
		{38E7CA2C-3E93-4F0A-9C15-83C68ADE55CA}.DebugKeepTrack|ARM.ActiveCfg = Debug|Any CPU
		{38E7CA2C-3E93-4F0A-9C15-83C68ADE55CA}.DebugKeepTrack|ARM.Build.0 = Debug|Any CPU
		{38E7CA2C-3E93-4F0A-9C15-83C68ADE55CA}.DebugKeepTrack|ARM64.ActiveCfg = Debug|Any CPU
		{38E7CA2C-3E93-4F0A-9C15-83C68ADE55CA}.DebugKeepTrack|ARM64.Build.0 = Debug|Any CPU
		{38E7CA2C-3E93-4F0A-9C15-83C68ADE55CA}.DebugKeepTrack|x64.ActiveCfg = Debug|Any CPU
		{38E7CA2C-3E93-4F0A-9C15-83C68ADE55CA}.DebugKeepTrack|x64.Build.0 = Debug|Any CPU
		{38E7CA2C-3E93-4F0A-9C15-83C68ADE55CA}.DebugKeepTrack|x86.ActiveCfg = Debug|Any CPU
		{38E7CA2C-3E93-4F0A-9C15-83C68ADE55CA}.DebugKeepTrack|x86.Build.0 = Debug|Any CPU
		{38E7CA2C-3E93-4F0A-9C15-83C68ADE55CA}.Release|Any CPU.ActiveCfg = Release|Any CPU
		{38E7CA2C-3E93-4F0A-9C15-83C68ADE55CA}.Release|Any CPU.Build.0 = Release|Any CPU
		{38E7CA2C-3E93-4F0A-9C15-83C68ADE55CA}.Release|ARM.ActiveCfg = Release|Any CPU
		{38E7CA2C-3E93-4F0A-9C15-83C68ADE55CA}.Release|ARM.Build.0 = Release|Any CPU
		{38E7CA2C-3E93-4F0A-9C15-83C68ADE55CA}.Release|ARM64.ActiveCfg = Release|Any CPU
		{38E7CA2C-3E93-4F0A-9C15-83C68ADE55CA}.Release|ARM64.Build.0 = Release|Any CPU
		{38E7CA2C-3E93-4F0A-9C15-83C68ADE55CA}.Release|x64.ActiveCfg = Release|Any CPU
		{38E7CA2C-3E93-4F0A-9C15-83C68ADE55CA}.Release|x64.Build.0 = Release|Any CPU
		{38E7CA2C-3E93-4F0A-9C15-83C68ADE55CA}.Release|x86.ActiveCfg = Release|Any CPU
		{38E7CA2C-3E93-4F0A-9C15-83C68ADE55CA}.Release|x86.Build.0 = Release|Any CPU
		{38E7CA2C-3E93-4F0A-9C15-83C68ADE55CA}.ReleaseKeepTrack|Any CPU.ActiveCfg = Release|Any CPU
		{38E7CA2C-3E93-4F0A-9C15-83C68ADE55CA}.ReleaseKeepTrack|Any CPU.Build.0 = Release|Any CPU
		{38E7CA2C-3E93-4F0A-9C15-83C68ADE55CA}.ReleaseKeepTrack|ARM.ActiveCfg = Release|Any CPU
		{38E7CA2C-3E93-4F0A-9C15-83C68ADE55CA}.ReleaseKeepTrack|ARM.Build.0 = Release|Any CPU
		{38E7CA2C-3E93-4F0A-9C15-83C68ADE55CA}.ReleaseKeepTrack|ARM64.ActiveCfg = Release|Any CPU
		{38E7CA2C-3E93-4F0A-9C15-83C68ADE55CA}.ReleaseKeepTrack|ARM64.Build.0 = Release|Any CPU
		{38E7CA2C-3E93-4F0A-9C15-83C68ADE55CA}.ReleaseKeepTrack|x64.ActiveCfg = Release|Any CPU
		{38E7CA2C-3E93-4F0A-9C15-83C68ADE55CA}.ReleaseKeepTrack|x64.Build.0 = Release|Any CPU
		{38E7CA2C-3E93-4F0A-9C15-83C68ADE55CA}.ReleaseKeepTrack|x86.ActiveCfg = Release|Any CPU
		{38E7CA2C-3E93-4F0A-9C15-83C68ADE55CA}.ReleaseKeepTrack|x86.Build.0 = Release|Any CPU
		{E87B099B-63E8-4238-B0B0-CEA44ED72B4F}.Debug|Any CPU.ActiveCfg = Debug|Any CPU
		{E87B099B-63E8-4238-B0B0-CEA44ED72B4F}.Debug|Any CPU.Build.0 = Debug|Any CPU
		{E87B099B-63E8-4238-B0B0-CEA44ED72B4F}.Debug|ARM.ActiveCfg = Debug|Any CPU
		{E87B099B-63E8-4238-B0B0-CEA44ED72B4F}.Debug|ARM.Build.0 = Debug|Any CPU
		{E87B099B-63E8-4238-B0B0-CEA44ED72B4F}.Debug|ARM64.ActiveCfg = Debug|Any CPU
		{E87B099B-63E8-4238-B0B0-CEA44ED72B4F}.Debug|ARM64.Build.0 = Debug|Any CPU
		{E87B099B-63E8-4238-B0B0-CEA44ED72B4F}.Debug|x64.ActiveCfg = Debug|Any CPU
		{E87B099B-63E8-4238-B0B0-CEA44ED72B4F}.Debug|x64.Build.0 = Debug|Any CPU
		{E87B099B-63E8-4238-B0B0-CEA44ED72B4F}.Debug|x86.ActiveCfg = Debug|Any CPU
		{E87B099B-63E8-4238-B0B0-CEA44ED72B4F}.Debug|x86.Build.0 = Debug|Any CPU
		{E87B099B-63E8-4238-B0B0-CEA44ED72B4F}.DebugKeepTrack|Any CPU.ActiveCfg = Debug|Any CPU
		{E87B099B-63E8-4238-B0B0-CEA44ED72B4F}.DebugKeepTrack|Any CPU.Build.0 = Debug|Any CPU
		{E87B099B-63E8-4238-B0B0-CEA44ED72B4F}.DebugKeepTrack|ARM.ActiveCfg = Debug|Any CPU
		{E87B099B-63E8-4238-B0B0-CEA44ED72B4F}.DebugKeepTrack|ARM.Build.0 = Debug|Any CPU
		{E87B099B-63E8-4238-B0B0-CEA44ED72B4F}.DebugKeepTrack|ARM64.ActiveCfg = Debug|Any CPU
		{E87B099B-63E8-4238-B0B0-CEA44ED72B4F}.DebugKeepTrack|ARM64.Build.0 = Debug|Any CPU
		{E87B099B-63E8-4238-B0B0-CEA44ED72B4F}.DebugKeepTrack|x64.ActiveCfg = Debug|Any CPU
		{E87B099B-63E8-4238-B0B0-CEA44ED72B4F}.DebugKeepTrack|x64.Build.0 = Debug|Any CPU
		{E87B099B-63E8-4238-B0B0-CEA44ED72B4F}.DebugKeepTrack|x86.ActiveCfg = Debug|Any CPU
		{E87B099B-63E8-4238-B0B0-CEA44ED72B4F}.DebugKeepTrack|x86.Build.0 = Debug|Any CPU
		{E87B099B-63E8-4238-B0B0-CEA44ED72B4F}.Release|Any CPU.ActiveCfg = Release|Any CPU
		{E87B099B-63E8-4238-B0B0-CEA44ED72B4F}.Release|Any CPU.Build.0 = Release|Any CPU
		{E87B099B-63E8-4238-B0B0-CEA44ED72B4F}.Release|ARM.ActiveCfg = Release|Any CPU
		{E87B099B-63E8-4238-B0B0-CEA44ED72B4F}.Release|ARM.Build.0 = Release|Any CPU
		{E87B099B-63E8-4238-B0B0-CEA44ED72B4F}.Release|ARM64.ActiveCfg = Release|Any CPU
		{E87B099B-63E8-4238-B0B0-CEA44ED72B4F}.Release|ARM64.Build.0 = Release|Any CPU
		{E87B099B-63E8-4238-B0B0-CEA44ED72B4F}.Release|x64.ActiveCfg = Release|Any CPU
		{E87B099B-63E8-4238-B0B0-CEA44ED72B4F}.Release|x64.Build.0 = Release|Any CPU
		{E87B099B-63E8-4238-B0B0-CEA44ED72B4F}.Release|x86.ActiveCfg = Release|Any CPU
		{E87B099B-63E8-4238-B0B0-CEA44ED72B4F}.Release|x86.Build.0 = Release|Any CPU
		{E87B099B-63E8-4238-B0B0-CEA44ED72B4F}.ReleaseKeepTrack|Any CPU.ActiveCfg = Release|Any CPU
		{E87B099B-63E8-4238-B0B0-CEA44ED72B4F}.ReleaseKeepTrack|Any CPU.Build.0 = Release|Any CPU
		{E87B099B-63E8-4238-B0B0-CEA44ED72B4F}.ReleaseKeepTrack|ARM.ActiveCfg = Release|Any CPU
		{E87B099B-63E8-4238-B0B0-CEA44ED72B4F}.ReleaseKeepTrack|ARM.Build.0 = Release|Any CPU
		{E87B099B-63E8-4238-B0B0-CEA44ED72B4F}.ReleaseKeepTrack|ARM64.ActiveCfg = Release|Any CPU
		{E87B099B-63E8-4238-B0B0-CEA44ED72B4F}.ReleaseKeepTrack|ARM64.Build.0 = Release|Any CPU
		{E87B099B-63E8-4238-B0B0-CEA44ED72B4F}.ReleaseKeepTrack|x64.ActiveCfg = Release|Any CPU
		{E87B099B-63E8-4238-B0B0-CEA44ED72B4F}.ReleaseKeepTrack|x64.Build.0 = Release|Any CPU
		{E87B099B-63E8-4238-B0B0-CEA44ED72B4F}.ReleaseKeepTrack|x86.ActiveCfg = Release|Any CPU
		{E87B099B-63E8-4238-B0B0-CEA44ED72B4F}.ReleaseKeepTrack|x86.Build.0 = Release|Any CPU
		{2323BE29-A36C-B601-2519-D0B1425A04F2}.Debug|Any CPU.ActiveCfg = Debug|Any CPU
		{2323BE29-A36C-B601-2519-D0B1425A04F2}.Debug|Any CPU.Build.0 = Debug|Any CPU
		{2323BE29-A36C-B601-2519-D0B1425A04F2}.Debug|ARM.ActiveCfg = Debug|Any CPU
		{2323BE29-A36C-B601-2519-D0B1425A04F2}.Debug|ARM.Build.0 = Debug|Any CPU
		{2323BE29-A36C-B601-2519-D0B1425A04F2}.Debug|ARM64.ActiveCfg = Debug|Any CPU
		{2323BE29-A36C-B601-2519-D0B1425A04F2}.Debug|ARM64.Build.0 = Debug|Any CPU
		{2323BE29-A36C-B601-2519-D0B1425A04F2}.Debug|x64.ActiveCfg = Debug|Any CPU
		{2323BE29-A36C-B601-2519-D0B1425A04F2}.Debug|x64.Build.0 = Debug|Any CPU
		{2323BE29-A36C-B601-2519-D0B1425A04F2}.Debug|x86.ActiveCfg = Debug|Any CPU
		{2323BE29-A36C-B601-2519-D0B1425A04F2}.Debug|x86.Build.0 = Debug|Any CPU
		{2323BE29-A36C-B601-2519-D0B1425A04F2}.DebugKeepTrack|Any CPU.ActiveCfg = Debug|Any CPU
		{2323BE29-A36C-B601-2519-D0B1425A04F2}.DebugKeepTrack|Any CPU.Build.0 = Debug|Any CPU
		{2323BE29-A36C-B601-2519-D0B1425A04F2}.DebugKeepTrack|ARM.ActiveCfg = Debug|Any CPU
		{2323BE29-A36C-B601-2519-D0B1425A04F2}.DebugKeepTrack|ARM.Build.0 = Debug|Any CPU
		{2323BE29-A36C-B601-2519-D0B1425A04F2}.DebugKeepTrack|ARM64.ActiveCfg = Debug|Any CPU
		{2323BE29-A36C-B601-2519-D0B1425A04F2}.DebugKeepTrack|ARM64.Build.0 = Debug|Any CPU
		{2323BE29-A36C-B601-2519-D0B1425A04F2}.DebugKeepTrack|x64.ActiveCfg = Debug|Any CPU
		{2323BE29-A36C-B601-2519-D0B1425A04F2}.DebugKeepTrack|x64.Build.0 = Debug|Any CPU
		{2323BE29-A36C-B601-2519-D0B1425A04F2}.DebugKeepTrack|x86.ActiveCfg = Debug|Any CPU
		{2323BE29-A36C-B601-2519-D0B1425A04F2}.DebugKeepTrack|x86.Build.0 = Debug|Any CPU
		{2323BE29-A36C-B601-2519-D0B1425A04F2}.Release|Any CPU.ActiveCfg = Release|Any CPU
		{2323BE29-A36C-B601-2519-D0B1425A04F2}.Release|Any CPU.Build.0 = Release|Any CPU
		{2323BE29-A36C-B601-2519-D0B1425A04F2}.Release|ARM.ActiveCfg = Release|Any CPU
		{2323BE29-A36C-B601-2519-D0B1425A04F2}.Release|ARM.Build.0 = Release|Any CPU
		{2323BE29-A36C-B601-2519-D0B1425A04F2}.Release|ARM64.ActiveCfg = Release|Any CPU
		{2323BE29-A36C-B601-2519-D0B1425A04F2}.Release|ARM64.Build.0 = Release|Any CPU
		{2323BE29-A36C-B601-2519-D0B1425A04F2}.Release|x64.ActiveCfg = Release|Any CPU
		{2323BE29-A36C-B601-2519-D0B1425A04F2}.Release|x64.Build.0 = Release|Any CPU
		{2323BE29-A36C-B601-2519-D0B1425A04F2}.Release|x86.ActiveCfg = Release|Any CPU
		{2323BE29-A36C-B601-2519-D0B1425A04F2}.Release|x86.Build.0 = Release|Any CPU
		{2323BE29-A36C-B601-2519-D0B1425A04F2}.ReleaseKeepTrack|Any CPU.ActiveCfg = Release|Any CPU
		{2323BE29-A36C-B601-2519-D0B1425A04F2}.ReleaseKeepTrack|Any CPU.Build.0 = Release|Any CPU
		{2323BE29-A36C-B601-2519-D0B1425A04F2}.ReleaseKeepTrack|ARM.ActiveCfg = Release|Any CPU
		{2323BE29-A36C-B601-2519-D0B1425A04F2}.ReleaseKeepTrack|ARM.Build.0 = Release|Any CPU
		{2323BE29-A36C-B601-2519-D0B1425A04F2}.ReleaseKeepTrack|ARM64.ActiveCfg = Release|Any CPU
		{2323BE29-A36C-B601-2519-D0B1425A04F2}.ReleaseKeepTrack|ARM64.Build.0 = Release|Any CPU
		{2323BE29-A36C-B601-2519-D0B1425A04F2}.ReleaseKeepTrack|x64.ActiveCfg = Release|Any CPU
		{2323BE29-A36C-B601-2519-D0B1425A04F2}.ReleaseKeepTrack|x64.Build.0 = Release|Any CPU
		{2323BE29-A36C-B601-2519-D0B1425A04F2}.ReleaseKeepTrack|x86.ActiveCfg = Release|Any CPU
		{2323BE29-A36C-B601-2519-D0B1425A04F2}.ReleaseKeepTrack|x86.Build.0 = Release|Any CPU
		{58C33F66-24C9-4F12-9DB1-83590A7299B7}.Debug|Any CPU.ActiveCfg = Debug|Any CPU
		{58C33F66-24C9-4F12-9DB1-83590A7299B7}.Debug|Any CPU.Build.0 = Debug|Any CPU
		{58C33F66-24C9-4F12-9DB1-83590A7299B7}.Debug|ARM.ActiveCfg = Debug|Any CPU
		{58C33F66-24C9-4F12-9DB1-83590A7299B7}.Debug|ARM.Build.0 = Debug|Any CPU
		{58C33F66-24C9-4F12-9DB1-83590A7299B7}.Debug|ARM64.ActiveCfg = Debug|arm64
		{58C33F66-24C9-4F12-9DB1-83590A7299B7}.Debug|ARM64.Build.0 = Debug|arm64
		{58C33F66-24C9-4F12-9DB1-83590A7299B7}.Debug|x64.ActiveCfg = Debug|Any CPU
		{58C33F66-24C9-4F12-9DB1-83590A7299B7}.Debug|x64.Build.0 = Debug|Any CPU
		{58C33F66-24C9-4F12-9DB1-83590A7299B7}.Debug|x86.ActiveCfg = Debug|x86
		{58C33F66-24C9-4F12-9DB1-83590A7299B7}.Debug|x86.Build.0 = Debug|x86
		{58C33F66-24C9-4F12-9DB1-83590A7299B7}.DebugKeepTrack|Any CPU.ActiveCfg = Debug|Any CPU
		{58C33F66-24C9-4F12-9DB1-83590A7299B7}.DebugKeepTrack|Any CPU.Build.0 = Debug|Any CPU
		{58C33F66-24C9-4F12-9DB1-83590A7299B7}.DebugKeepTrack|ARM.ActiveCfg = Debug|Any CPU
		{58C33F66-24C9-4F12-9DB1-83590A7299B7}.DebugKeepTrack|ARM.Build.0 = Debug|Any CPU
		{58C33F66-24C9-4F12-9DB1-83590A7299B7}.DebugKeepTrack|ARM64.ActiveCfg = Debug|arm64
		{58C33F66-24C9-4F12-9DB1-83590A7299B7}.DebugKeepTrack|ARM64.Build.0 = Debug|arm64
		{58C33F66-24C9-4F12-9DB1-83590A7299B7}.DebugKeepTrack|x64.ActiveCfg = Debug|Any CPU
		{58C33F66-24C9-4F12-9DB1-83590A7299B7}.DebugKeepTrack|x64.Build.0 = Debug|Any CPU
		{58C33F66-24C9-4F12-9DB1-83590A7299B7}.DebugKeepTrack|x86.ActiveCfg = Debug|x86
		{58C33F66-24C9-4F12-9DB1-83590A7299B7}.DebugKeepTrack|x86.Build.0 = Debug|x86
		{58C33F66-24C9-4F12-9DB1-83590A7299B7}.Release|Any CPU.ActiveCfg = Release|Any CPU
		{58C33F66-24C9-4F12-9DB1-83590A7299B7}.Release|Any CPU.Build.0 = Release|Any CPU
		{58C33F66-24C9-4F12-9DB1-83590A7299B7}.Release|ARM.ActiveCfg = Release|Any CPU
		{58C33F66-24C9-4F12-9DB1-83590A7299B7}.Release|ARM.Build.0 = Release|Any CPU
		{58C33F66-24C9-4F12-9DB1-83590A7299B7}.Release|ARM64.ActiveCfg = Release|arm64
		{58C33F66-24C9-4F12-9DB1-83590A7299B7}.Release|ARM64.Build.0 = Release|arm64
		{58C33F66-24C9-4F12-9DB1-83590A7299B7}.Release|x64.ActiveCfg = Release|Any CPU
		{58C33F66-24C9-4F12-9DB1-83590A7299B7}.Release|x64.Build.0 = Release|Any CPU
		{58C33F66-24C9-4F12-9DB1-83590A7299B7}.Release|x86.ActiveCfg = Release|x86
		{58C33F66-24C9-4F12-9DB1-83590A7299B7}.Release|x86.Build.0 = Release|x86
		{58C33F66-24C9-4F12-9DB1-83590A7299B7}.ReleaseKeepTrack|Any CPU.ActiveCfg = Release|Any CPU
		{58C33F66-24C9-4F12-9DB1-83590A7299B7}.ReleaseKeepTrack|Any CPU.Build.0 = Release|Any CPU
		{58C33F66-24C9-4F12-9DB1-83590A7299B7}.ReleaseKeepTrack|ARM.ActiveCfg = Release|Any CPU
		{58C33F66-24C9-4F12-9DB1-83590A7299B7}.ReleaseKeepTrack|ARM.Build.0 = Release|Any CPU
		{58C33F66-24C9-4F12-9DB1-83590A7299B7}.ReleaseKeepTrack|ARM64.ActiveCfg = Release|arm64
		{58C33F66-24C9-4F12-9DB1-83590A7299B7}.ReleaseKeepTrack|ARM64.Build.0 = Release|arm64
		{58C33F66-24C9-4F12-9DB1-83590A7299B7}.ReleaseKeepTrack|x64.ActiveCfg = Release|Any CPU
		{58C33F66-24C9-4F12-9DB1-83590A7299B7}.ReleaseKeepTrack|x64.Build.0 = Release|Any CPU
		{58C33F66-24C9-4F12-9DB1-83590A7299B7}.ReleaseKeepTrack|x86.ActiveCfg = Release|x86
		{58C33F66-24C9-4F12-9DB1-83590A7299B7}.ReleaseKeepTrack|x86.Build.0 = Release|x86
	EndGlobalSection
	GlobalSection(SolutionProperties) = preSolution
		HideSolutionNode = FALSE
	EndGlobalSection
	GlobalSection(NestedProjects) = preSolution
		{A43ED63B-CA9C-4FDF-B02B-8E7F958903A2} = {D6E2537A-D3DA-40D3-B7CB-905541CD8E60}
		{3F6BFA77-8748-415C-833B-CA0DA84B6CA9} = {F93DE7D2-7B46-44D8-8FFF-35A48C2B114A}
		{1D06FE9F-830F-4EE2-BD10-0B12522E1DFC} = {9EA1AACE-8E22-45B0-9F36-E3B05280279A}
		{666FAF0C-09CE-421F-977C-B989D0D2ED03} = {9EA1AACE-8E22-45B0-9F36-E3B05280279A}
		{38E7CA2C-3E93-4F0A-9C15-83C68ADE55CA} = {02EA681E-C7D8-13C7-8484-4AC65E1B71E8}
		{E87B099B-63E8-4238-B0B0-CEA44ED72B4F} = {02EA681E-C7D8-13C7-8484-4AC65E1B71E8}
		{2323BE29-A36C-B601-2519-D0B1425A04F2} = {02EA681E-C7D8-13C7-8484-4AC65E1B71E8}
		{02EA681E-C7D8-13C7-8484-4AC65E1B71E8} = {D6E2537A-D3DA-40D3-B7CB-905541CD8E60}
		{F93DE7D2-7B46-44D8-8FFF-35A48C2B114A} = {D6E2537A-D3DA-40D3-B7CB-905541CD8E60}
		{58C33F66-24C9-4F12-9DB1-83590A7299B7} = {02EA681E-C7D8-13C7-8484-4AC65E1B71E8}
	EndGlobalSection
	GlobalSection(ExtensibilityGlobals) = postSolution
		SolutionGuid = {513BE6F8-329E-4A95-9A29-025519A99B80}
	EndGlobalSection
EndGlobal
